PODS:
  - Alamofire (5.6.4)
  - glog (0.3.4)
  - PXXFoundation (0.1.0):
    - Alamofire
    - React-logger
    - SDWebImage
  - PXXOCLib (0.1.0):
    - PXXSwiftLib
  - PXXSwiftLib (0.1.0):
    - PXXFoundation
  - React-logger (1.0):
    - glog
  - SDWebImage (5.15.5):
    - SDWebImage/Core (= 5.15.5)
  - SDWebImage/Core (5.15.5)

DEPENDENCIES:
  - glog
  - PXXFoundation (from `PXXFoundation`)
  - PXXOCLib (from `PXXOCLib`)
  - PXXSwiftLib (from `PXXSwiftLib`)
  - React-logger (from `React-logger`)
  - SDWebImage

SPEC REPOS:
  trunk:
    - Alamofire
    - glog
    - SDWebImage

EXTERNAL SOURCES:
  PXXFoundation:
    :path: PXXFoundation
  PXXOCLib:
    :path: PXXOCLib
  PXXSwiftLib:
    :path: PXXSwiftLib
  React-logger:
    :path: React-logger

SPEC CHECKSUMS:
  Alamofire: 4e95d97098eacb88856099c4fc79b526a299e48c
  glog: 1de0bb937dccdc981596d3b5825ebfb765017ded
  PXXFoundation: 708016b99c76d22e8bfdb1610e9620ab161b4f98
  PXXOCLib: 53dee00d1a437c66d83283f1cc08cdbece8d510c
  PXXSwiftLib: ac4c8fd358b2ae2455a85e6510ee13684f3603bc
  React-logger: ff8141263ba489edf64075fe68703349dfbc8601
  SDWebImage: fd7e1a22f00303e058058278639bf6196ee431fe

PODFILE CHECKSUM: d713f101a3092860ebb04d9408a61debd96ce434

COCOAPODS: 1.10.2
